// !$*UTF8*$!
{
	archiveVersion = 1;
	classes = {
	};
	objectVersion = 46;
	objects = {

/* Begin PBXBuildFile section */
		8E0DC93D196A731000EB49A3 /* MZMove.m in Sources */ = {isa = PBXBuildFile; fileRef = 8E0DC93C196A731000EB49A3 /* MZMove.m */; };
		8E0DC940196A76DE00EB49A3 /* MZMoveWithVelocityDirection.m in Sources */ = {isa = PBXBuildFile; fileRef = 8E0DC93F196A76DE00EB49A3 /* MZMoveWithVelocityDirection.m */; };
		8E24D88D1966A504000388AC /* MZSpritesLayer.m in Sources */ = {isa = PBXBuildFile; fileRef = 8E24D88C1966A504000388AC /* MZSpritesLayer.m */; };
		8E3E4EA5196D21DB00D30963 /* AnotherScene.m in Sources */ = {isa = PBXBuildFile; fileRef = 8E3E4EA4196D21DB00D30963 /* AnotherScene.m */; };
		8E3E4EAE196D22F500D30963 /* enemies.atlas in Resources */ = {isa = PBXBuildFile; fileRef = 8E3E4EA7196D22F500D30963 /* enemies.atlas */; };
		8E3E4EAF196D22F500D30963 /* enemy_bullets.atlas in Resources */ = {isa = PBXBuildFile; fileRef = 8E3E4EA8196D22F500D30963 /* enemy_bullets.atlas */; };
		8E3E4EB0196D22F500D30963 /* player.atlas in Resources */ = {isa = PBXBuildFile; fileRef = 8E3E4EA9196D22F500D30963 /* player.atlas */; };
		8E3E4EB1196D22F500D30963 /* player_bullets.atlas in Resources */ = {isa = PBXBuildFile; fileRef = 8E3E4EAA196D22F500D30963 /* player_bullets.atlas */; };
		8E3E4EB2196D22F500D30963 /* ramletherl_valentine.png in Resources */ = {isa = PBXBuildFile; fileRef = 8E3E4EAB196D22F500D30963 /* ramletherl_valentine.png */; };
		8E3E4EB3196D22F500D30963 /* rect_while.png in Resources */ = {isa = PBXBuildFile; fileRef = 8E3E4EAC196D22F500D30963 /* rect_while.png */; };
		8E3E4EB4196D22F500D30963 /* yuyurect.png in Resources */ = {isa = PBXBuildFile; fileRef = 8E3E4EAD196D22F500D30963 /* yuyurect.png */; };
		8E3E9CFF1961BB6D0007D7D0 /* MZActor.m in Sources */ = {isa = PBXBuildFile; fileRef = 8E3E9CFE1961BB6D0007D7D0 /* MZActor.m */; };
		8E3E9D021961C2DB0007D7D0 /* MZNodes.m in Sources */ = {isa = PBXBuildFile; fileRef = 8E3E9D011961C2DB0007D7D0 /* MZNodes.m */; };
		8E700DE2196A6FF600885D02 /* MZTouchRelativeMove.m in Sources */ = {isa = PBXBuildFile; fileRef = 8E700DE0196A6FF600885D02 /* MZTouchRelativeMove.m */; };
		8E7CA2811964122100917EEB /* MZPool.m in Sources */ = {isa = PBXBuildFile; fileRef = 8E7CA2801964122100917EEB /* MZPool.m */; };
		8E85D9F7196AA83000C40013 /* MZMoveReachAtTime.m in Sources */ = {isa = PBXBuildFile; fileRef = 8E85D9F6196AA83000C40013 /* MZMoveReachAtTime.m */; };
		8E85D9FA196AAB7200C40013 /* MZAttack.m in Sources */ = {isa = PBXBuildFile; fileRef = 8E85D9F9196AAB7200C40013 /* MZAttack.m */; };
		8E9C9B0B196A867800A3BCF2 /* MZCollections.m in Sources */ = {isa = PBXBuildFile; fileRef = 8E9C9AF9196A867800A3BCF2 /* MZCollections.m */; };
		8E9C9B0C196A867800A3BCF2 /* MZConverts.m in Sources */ = {isa = PBXBuildFile; fileRef = 8E9C9AFB196A867800A3BCF2 /* MZConverts.m */; };
		8E9C9B0D196A867800A3BCF2 /* MZFormula.m in Sources */ = {isa = PBXBuildFile; fileRef = 8E9C9AFD196A867800A3BCF2 /* MZFormula.m */; };
		8E9C9B0E196A867800A3BCF2 /* MZGLHelper.m in Sources */ = {isa = PBXBuildFile; fileRef = 8E9C9AFF196A867800A3BCF2 /* MZGLHelper.m */; };
		8E9C9B0F196A867800A3BCF2 /* MZiOSFiles.m in Sources */ = {isa = PBXBuildFile; fileRef = 8E9C9B01196A867800A3BCF2 /* MZiOSFiles.m */; };
		8E9C9B10196A867800A3BCF2 /* MZMapReduces.m in Sources */ = {isa = PBXBuildFile; fileRef = 8E9C9B04196A867800A3BCF2 /* MZMapReduces.m */; };
		8E9C9B11196A867800A3BCF2 /* MZMath.m in Sources */ = {isa = PBXBuildFile; fileRef = 8E9C9B06196A867800A3BCF2 /* MZMath.m */; };
		8E9C9B12196A867800A3BCF2 /* MZMemoryUsage.m in Sources */ = {isa = PBXBuildFile; fileRef = 8E9C9B08196A867800A3BCF2 /* MZMemoryUsage.m */; };
		8EB70A37196154CD008BC335 /* Foundation.framework in Frameworks */ = {isa = PBXBuildFile; fileRef = 8EB70A36196154CD008BC335 /* Foundation.framework */; };
		8EB70A39196154CD008BC335 /* CoreGraphics.framework in Frameworks */ = {isa = PBXBuildFile; fileRef = 8EB70A38196154CD008BC335 /* CoreGraphics.framework */; };
		8EB70A3B196154CD008BC335 /* UIKit.framework in Frameworks */ = {isa = PBXBuildFile; fileRef = 8EB70A3A196154CD008BC335 /* UIKit.framework */; };
		8EB70A3D196154CD008BC335 /* SpriteKit.framework in Frameworks */ = {isa = PBXBuildFile; fileRef = 8EB70A3C196154CD008BC335 /* SpriteKit.framework */; };
		8EB70A43196154CD008BC335 /* InfoPlist.strings in Resources */ = {isa = PBXBuildFile; fileRef = 8EB70A41196154CD008BC335 /* InfoPlist.strings */; };
		8EB70A45196154CD008BC335 /* main.m in Sources */ = {isa = PBXBuildFile; fileRef = 8EB70A44196154CD008BC335 /* main.m */; };
		8EB70A49196154CD008BC335 /* AppDelegate.m in Sources */ = {isa = PBXBuildFile; fileRef = 8EB70A48196154CD008BC335 /* AppDelegate.m */; };
		8EB70A4C196154CD008BC335 /* Main.storyboard in Resources */ = {isa = PBXBuildFile; fileRef = 8EB70A4A196154CD008BC335 /* Main.storyboard */; };
		8EB70A4F196154CD008BC335 /* ViewController.m in Sources */ = {isa = PBXBuildFile; fileRef = 8EB70A4E196154CD008BC335 /* ViewController.m */; };
		8EB70A52196154CD008BC335 /* GameScene.m in Sources */ = {isa = PBXBuildFile; fileRef = 8EB70A51196154CD008BC335 /* GameScene.m */; };
		8EB70A54196154CD008BC335 /* Spaceship.png in Resources */ = {isa = PBXBuildFile; fileRef = 8EB70A53196154CD008BC335 /* Spaceship.png */; };
		8EB70A56196154CD008BC335 /* Images.xcassets in Resources */ = {isa = PBXBuildFile; fileRef = 8EB70A55196154CD008BC335 /* Images.xcassets */; };
		8EB70A5D196154CD008BC335 /* XCTest.framework in Frameworks */ = {isa = PBXBuildFile; fileRef = 8EB70A5C196154CD008BC335 /* XCTest.framework */; };
		8EB70A5E196154CD008BC335 /* Foundation.framework in Frameworks */ = {isa = PBXBuildFile; fileRef = 8EB70A36196154CD008BC335 /* Foundation.framework */; };
		8EB70A5F196154CD008BC335 /* UIKit.framework in Frameworks */ = {isa = PBXBuildFile; fileRef = 8EB70A3A196154CD008BC335 /* UIKit.framework */; };
		8EB70A67196154CD008BC335 /* InfoPlist.strings in Resources */ = {isa = PBXBuildFile; fileRef = 8EB70A65196154CD008BC335 /* InfoPlist.strings */; };
		8EB70A69196154CD008BC335 /* MZGameActionsTests.m in Sources */ = {isa = PBXBuildFile; fileRef = 8EB70A68196154CD008BC335 /* MZGameActionsTests.m */; };
		8EF5EA71196A8979009B8CD6 /* MZMoveTurnToDirection.m in Sources */ = {isa = PBXBuildFile; fileRef = 8EF5EA70196A8979009B8CD6 /* MZMoveTurnToDirection.m */; };
		8EFB2B1E1961596300A23555 /* MZActionTime.m in Sources */ = {isa = PBXBuildFile; fileRef = 8EFB2B1B1961596300A23555 /* MZActionTime.m */; };
		8EFB2B2119615EEC00A23555 /* MZSpriteKit.m in Sources */ = {isa = PBXBuildFile; fileRef = 8EFB2B2019615EEC00A23555 /* MZSpriteKit.m */; };
		8EFB2B241961638600A23555 /* MZAction.m in Sources */ = {isa = PBXBuildFile; fileRef = 8EFB2B231961638600A23555 /* MZAction.m */; };
		8EFB2B281961777F00A23555 /* MZActionsGroup.m in Sources */ = {isa = PBXBuildFile; fileRef = 8EFB2B26196171D200A23555 /* MZActionsGroup.m */; };
/* End PBXBuildFile section */

/* Begin PBXContainerItemProxy section */
		8EB70A60196154CD008BC335 /* PBXContainerItemProxy */ = {
			isa = PBXContainerItemProxy;
			containerPortal = 8EB70A2B196154CC008BC335 /* Project object */;
			proxyType = 1;
			remoteGlobalIDString = 8EB70A32196154CC008BC335;
			remoteInfo = MZGameActions;
		};
/* End PBXContainerItemProxy section */

/* Begin PBXFileReference section */
		8E0DC93A196A728F00EB49A3 /* MZMovesHeader.h */ = {isa = PBXFileReference; lastKnownFileType = sourcecode.c.h; path = MZMovesHeader.h; sourceTree = "<group>"; };
		8E0DC93B196A731000EB49A3 /* MZMove.h */ = {isa = PBXFileReference; fileEncoding = 4; lastKnownFileType = sourcecode.c.h; path = MZMove.h; sourceTree = "<group>"; };
		8E0DC93C196A731000EB49A3 /* MZMove.m */ = {isa = PBXFileReference; fileEncoding = 4; lastKnownFileType = sourcecode.c.objc; path = MZMove.m; sourceTree = "<group>"; };
		8E0DC93E196A76DE00EB49A3 /* MZMoveWithVelocityDirection.h */ = {isa = PBXFileReference; fileEncoding = 4; lastKnownFileType = sourcecode.c.h; path = MZMoveWithVelocityDirection.h; sourceTree = "<group>"; };
		8E0DC93F196A76DE00EB49A3 /* MZMoveWithVelocityDirection.m */ = {isa = PBXFileReference; fileEncoding = 4; lastKnownFileType = sourcecode.c.objc; path = MZMoveWithVelocityDirection.m; sourceTree = "<group>"; };
		8E24D88B1966A504000388AC /* MZSpritesLayer.h */ = {isa = PBXFileReference; fileEncoding = 4; lastKnownFileType = sourcecode.c.h; path = MZSpritesLayer.h; sourceTree = "<group>"; };
		8E24D88C1966A504000388AC /* MZSpritesLayer.m */ = {isa = PBXFileReference; fileEncoding = 4; lastKnownFileType = sourcecode.c.objc; path = MZSpritesLayer.m; sourceTree = "<group>"; };
		8E3E4EA3196D21DB00D30963 /* AnotherScene.h */ = {isa = PBXFileReference; fileEncoding = 4; lastKnownFileType = sourcecode.c.h; path = AnotherScene.h; sourceTree = "<group>"; };
		8E3E4EA4196D21DB00D30963 /* AnotherScene.m */ = {isa = PBXFileReference; fileEncoding = 4; lastKnownFileType = sourcecode.c.objc; path = AnotherScene.m; sourceTree = "<group>"; };
		8E3E4EA7196D22F500D30963 /* enemies.atlas */ = {isa = PBXFileReference; lastKnownFileType = folder.skatlas; path = enemies.atlas; sourceTree = "<group>"; };
		8E3E4EA8196D22F500D30963 /* enemy_bullets.atlas */ = {isa = PBXFileReference; lastKnownFileType = folder.skatlas; path = enemy_bullets.atlas; sourceTree = "<group>"; };
		8E3E4EA9196D22F500D30963 /* player.atlas */ = {isa = PBXFileReference; lastKnownFileType = folder.skatlas; path = player.atlas; sourceTree = "<group>"; };
		8E3E4EAA196D22F500D30963 /* player_bullets.atlas */ = {isa = PBXFileReference; lastKnownFileType = folder.skatlas; path = player_bullets.atlas; sourceTree = "<group>"; };
		8E3E4EAB196D22F500D30963 /* ramletherl_valentine.png */ = {isa = PBXFileReference; lastKnownFileType = image.png; path = ramletherl_valentine.png; sourceTree = "<group>"; };
		8E3E4EAC196D22F500D30963 /* rect_while.png */ = {isa = PBXFileReference; lastKnownFileType = image.png; path = rect_while.png; sourceTree = "<group>"; };
		8E3E4EAD196D22F500D30963 /* yuyurect.png */ = {isa = PBXFileReference; lastKnownFileType = image.png; path = yuyurect.png; sourceTree = "<group>"; };
		8E3E9CFD1961BB6D0007D7D0 /* MZActor.h */ = {isa = PBXFileReference; fileEncoding = 4; lastKnownFileType = sourcecode.c.h; path = MZActor.h; sourceTree = "<group>"; };
		8E3E9CFE1961BB6D0007D7D0 /* MZActor.m */ = {isa = PBXFileReference; fileEncoding = 4; lastKnownFileType = sourcecode.c.objc; path = MZActor.m; sourceTree = "<group>"; };
		8E3E9D001961C2DB0007D7D0 /* MZNodes.h */ = {isa = PBXFileReference; fileEncoding = 4; lastKnownFileType = sourcecode.c.h; path = MZNodes.h; sourceTree = "<group>"; };
		8E3E9D011961C2DB0007D7D0 /* MZNodes.m */ = {isa = PBXFileReference; fileEncoding = 4; lastKnownFileType = sourcecode.c.objc; path = MZNodes.m; sourceTree = "<group>"; };
		8E700DDF196A6FF600885D02 /* MZTouchRelativeMove.h */ = {isa = PBXFileReference; fileEncoding = 4; lastKnownFileType = sourcecode.c.h; path = MZTouchRelativeMove.h; sourceTree = "<group>"; };
		8E700DE0196A6FF600885D02 /* MZTouchRelativeMove.m */ = {isa = PBXFileReference; fileEncoding = 4; lastKnownFileType = sourcecode.c.objc; path = MZTouchRelativeMove.m; sourceTree = "<group>"; };
		8E7CA27F1964122100917EEB /* MZPool.h */ = {isa = PBXFileReference; fileEncoding = 4; lastKnownFileType = sourcecode.c.h; path = MZPool.h; sourceTree = "<group>"; };
		8E7CA2801964122100917EEB /* MZPool.m */ = {isa = PBXFileReference; fileEncoding = 4; lastKnownFileType = sourcecode.c.objc; path = MZPool.m; sourceTree = "<group>"; };
		8E85D9F5196AA83000C40013 /* MZMoveReachAtTime.h */ = {isa = PBXFileReference; fileEncoding = 4; lastKnownFileType = sourcecode.c.h; path = MZMoveReachAtTime.h; sourceTree = "<group>"; };
		8E85D9F6196AA83000C40013 /* MZMoveReachAtTime.m */ = {isa = PBXFileReference; fileEncoding = 4; lastKnownFileType = sourcecode.c.objc; path = MZMoveReachAtTime.m; sourceTree = "<group>"; };
		8E85D9F8196AAB7200C40013 /* MZAttack.h */ = {isa = PBXFileReference; fileEncoding = 4; lastKnownFileType = sourcecode.c.h; path = MZAttack.h; sourceTree = "<group>"; };
		8E85D9F9196AAB7200C40013 /* MZAttack.m */ = {isa = PBXFileReference; fileEncoding = 4; lastKnownFileType = sourcecode.c.objc; path = MZAttack.m; sourceTree = "<group>"; };
		8E85D9FB196AAB8400C40013 /* MZAttacksHeader.h */ = {isa = PBXFileReference; lastKnownFileType = sourcecode.c.h; path = MZAttacksHeader.h; sourceTree = "<group>"; };
		8E9C9AF6196A867800A3BCF2 /* MZBlockMacros.h */ = {isa = PBXFileReference; fileEncoding = 4; lastKnownFileType = sourcecode.c.h; path = MZBlockMacros.h; sourceTree = "<group>"; };
		8E9C9AF7196A867800A3BCF2 /* MZCGs.h */ = {isa = PBXFileReference; fileEncoding = 4; lastKnownFileType = sourcecode.c.h; path = MZCGs.h; sourceTree = "<group>"; };
		8E9C9AF8196A867800A3BCF2 /* MZCollections.h */ = {isa = PBXFileReference; fileEncoding = 4; lastKnownFileType = sourcecode.c.h; path = MZCollections.h; sourceTree = "<group>"; };
		8E9C9AF9196A867800A3BCF2 /* MZCollections.m */ = {isa = PBXFileReference; fileEncoding = 4; lastKnownFileType = sourcecode.c.objc; path = MZCollections.m; sourceTree = "<group>"; };
		8E9C9AFA196A867800A3BCF2 /* MZConverts.h */ = {isa = PBXFileReference; fileEncoding = 4; lastKnownFileType = sourcecode.c.h; path = MZConverts.h; sourceTree = "<group>"; };
		8E9C9AFB196A867800A3BCF2 /* MZConverts.m */ = {isa = PBXFileReference; fileEncoding = 4; lastKnownFileType = sourcecode.c.objc; path = MZConverts.m; sourceTree = "<group>"; };
		8E9C9AFC196A867800A3BCF2 /* MZFormula.h */ = {isa = PBXFileReference; fileEncoding = 4; lastKnownFileType = sourcecode.c.h; path = MZFormula.h; sourceTree = "<group>"; };
		8E9C9AFD196A867800A3BCF2 /* MZFormula.m */ = {isa = PBXFileReference; fileEncoding = 4; lastKnownFileType = sourcecode.c.objc; path = MZFormula.m; sourceTree = "<group>"; };
		8E9C9AFE196A867800A3BCF2 /* MZGLHelper.h */ = {isa = PBXFileReference; fileEncoding = 4; lastKnownFileType = sourcecode.c.h; path = MZGLHelper.h; sourceTree = "<group>"; };
		8E9C9AFF196A867800A3BCF2 /* MZGLHelper.m */ = {isa = PBXFileReference; fileEncoding = 4; lastKnownFileType = sourcecode.c.objc; path = MZGLHelper.m; sourceTree = "<group>"; };
		8E9C9B00196A867800A3BCF2 /* MZiOSFiles.h */ = {isa = PBXFileReference; fileEncoding = 4; lastKnownFileType = sourcecode.c.h; path = MZiOSFiles.h; sourceTree = "<group>"; };
		8E9C9B01196A867800A3BCF2 /* MZiOSFiles.m */ = {isa = PBXFileReference; fileEncoding = 4; lastKnownFileType = sourcecode.c.objc; path = MZiOSFiles.m; sourceTree = "<group>"; };
		8E9C9B02196A867800A3BCF2 /* MZLogs.h */ = {isa = PBXFileReference; fileEncoding = 4; lastKnownFileType = sourcecode.c.h; path = MZLogs.h; sourceTree = "<group>"; };
		8E9C9B03196A867800A3BCF2 /* MZMapReduces.h */ = {isa = PBXFileReference; fileEncoding = 4; lastKnownFileType = sourcecode.c.h; path = MZMapReduces.h; sourceTree = "<group>"; };
		8E9C9B04196A867800A3BCF2 /* MZMapReduces.m */ = {isa = PBXFileReference; fileEncoding = 4; lastKnownFileType = sourcecode.c.objc; path = MZMapReduces.m; sourceTree = "<group>"; };
		8E9C9B05196A867800A3BCF2 /* MZMath.h */ = {isa = PBXFileReference; fileEncoding = 4; lastKnownFileType = sourcecode.c.h; path = MZMath.h; sourceTree = "<group>"; };
		8E9C9B06196A867800A3BCF2 /* MZMath.m */ = {isa = PBXFileReference; fileEncoding = 4; lastKnownFileType = sourcecode.c.objc; path = MZMath.m; sourceTree = "<group>"; };
		8E9C9B07196A867800A3BCF2 /* MZMemoryUsage.h */ = {isa = PBXFileReference; fileEncoding = 4; lastKnownFileType = sourcecode.c.h; path = MZMemoryUsage.h; sourceTree = "<group>"; };
		8E9C9B08196A867800A3BCF2 /* MZMemoryUsage.m */ = {isa = PBXFileReference; fileEncoding = 4; lastKnownFileType = sourcecode.c.objc; path = MZMemoryUsage.m; sourceTree = "<group>"; };
		8E9C9B09196A867800A3BCF2 /* MZUtilities.h */ = {isa = PBXFileReference; fileEncoding = 4; lastKnownFileType = sourcecode.c.h; path = MZUtilities.h; sourceTree = "<group>"; };
		8E9C9B0A196A867800A3BCF2 /* NSRange-Conventional.h */ = {isa = PBXFileReference; fileEncoding = 4; lastKnownFileType = sourcecode.c.h; path = "NSRange-Conventional.h"; sourceTree = "<group>"; };
		8EB70A33196154CD008BC335 /* MZGameActions.app */ = {isa = PBXFileReference; explicitFileType = wrapper.application; includeInIndex = 0; path = MZGameActions.app; sourceTree = BUILT_PRODUCTS_DIR; };
		8EB70A36196154CD008BC335 /* Foundation.framework */ = {isa = PBXFileReference; lastKnownFileType = wrapper.framework; name = Foundation.framework; path = System/Library/Frameworks/Foundation.framework; sourceTree = SDKROOT; };
		8EB70A38196154CD008BC335 /* CoreGraphics.framework */ = {isa = PBXFileReference; lastKnownFileType = wrapper.framework; name = CoreGraphics.framework; path = System/Library/Frameworks/CoreGraphics.framework; sourceTree = SDKROOT; };
		8EB70A3A196154CD008BC335 /* UIKit.framework */ = {isa = PBXFileReference; lastKnownFileType = wrapper.framework; name = UIKit.framework; path = System/Library/Frameworks/UIKit.framework; sourceTree = SDKROOT; };
		8EB70A3C196154CD008BC335 /* SpriteKit.framework */ = {isa = PBXFileReference; lastKnownFileType = wrapper.framework; name = SpriteKit.framework; path = System/Library/Frameworks/SpriteKit.framework; sourceTree = SDKROOT; };
		8EB70A40196154CD008BC335 /* MZGameActions-Info.plist */ = {isa = PBXFileReference; lastKnownFileType = text.plist.xml; path = "MZGameActions-Info.plist"; sourceTree = "<group>"; };
		8EB70A42196154CD008BC335 /* en */ = {isa = PBXFileReference; lastKnownFileType = text.plist.strings; name = en; path = en.lproj/InfoPlist.strings; sourceTree = "<group>"; };
		8EB70A44196154CD008BC335 /* main.m */ = {isa = PBXFileReference; lastKnownFileType = sourcecode.c.objc; path = main.m; sourceTree = "<group>"; };
		8EB70A46196154CD008BC335 /* MZGameActions-Prefix.pch */ = {isa = PBXFileReference; lastKnownFileType = sourcecode.c.h; path = "MZGameActions-Prefix.pch"; sourceTree = "<group>"; };
		8EB70A47196154CD008BC335 /* AppDelegate.h */ = {isa = PBXFileReference; lastKnownFileType = sourcecode.c.h; path = AppDelegate.h; sourceTree = "<group>"; };
		8EB70A48196154CD008BC335 /* AppDelegate.m */ = {isa = PBXFileReference; lastKnownFileType = sourcecode.c.objc; path = AppDelegate.m; sourceTree = "<group>"; };
		8EB70A4B196154CD008BC335 /* Base */ = {isa = PBXFileReference; lastKnownFileType = file.storyboard; name = Base; path = Base.lproj/Main.storyboard; sourceTree = "<group>"; };
		8EB70A4D196154CD008BC335 /* ViewController.h */ = {isa = PBXFileReference; lastKnownFileType = sourcecode.c.h; path = ViewController.h; sourceTree = "<group>"; };
		8EB70A4E196154CD008BC335 /* ViewController.m */ = {isa = PBXFileReference; lastKnownFileType = sourcecode.c.objc; path = ViewController.m; sourceTree = "<group>"; };
		8EB70A50196154CD008BC335 /* GameScene.h */ = {isa = PBXFileReference; lastKnownFileType = sourcecode.c.h; path = GameScene.h; sourceTree = "<group>"; };
		8EB70A51196154CD008BC335 /* GameScene.m */ = {isa = PBXFileReference; lastKnownFileType = sourcecode.c.objc; path = GameScene.m; sourceTree = "<group>"; };
		8EB70A53196154CD008BC335 /* Spaceship.png */ = {isa = PBXFileReference; lastKnownFileType = image.png; path = Spaceship.png; sourceTree = "<group>"; };
		8EB70A55196154CD008BC335 /* Images.xcassets */ = {isa = PBXFileReference; lastKnownFileType = folder.assetcatalog; path = Images.xcassets; sourceTree = "<group>"; };
		8EB70A5B196154CD008BC335 /* MZGameActionsTests.xctest */ = {isa = PBXFileReference; explicitFileType = wrapper.cfbundle; includeInIndex = 0; path = MZGameActionsTests.xctest; sourceTree = BUILT_PRODUCTS_DIR; };
		8EB70A5C196154CD008BC335 /* XCTest.framework */ = {isa = PBXFileReference; lastKnownFileType = wrapper.framework; name = XCTest.framework; path = Library/Frameworks/XCTest.framework; sourceTree = DEVELOPER_DIR; };
		8EB70A64196154CD008BC335 /* MZGameActionsTests-Info.plist */ = {isa = PBXFileReference; lastKnownFileType = text.plist.xml; path = "MZGameActionsTests-Info.plist"; sourceTree = "<group>"; };
		8EB70A66196154CD008BC335 /* en */ = {isa = PBXFileReference; lastKnownFileType = text.plist.strings; name = en; path = en.lproj/InfoPlist.strings; sourceTree = "<group>"; };
		8EB70A68196154CD008BC335 /* MZGameActionsTests.m */ = {isa = PBXFileReference; lastKnownFileType = sourcecode.c.objc; path = MZGameActionsTests.m; sourceTree = "<group>"; };
		8EF5EA6F196A8979009B8CD6 /* MZMoveTurnToDirection.h */ = {isa = PBXFileReference; fileEncoding = 4; lastKnownFileType = sourcecode.c.h; path = MZMoveTurnToDirection.h; sourceTree = "<group>"; };
		8EF5EA70196A8979009B8CD6 /* MZMoveTurnToDirection.m */ = {isa = PBXFileReference; fileEncoding = 4; lastKnownFileType = sourcecode.c.objc; path = MZMoveTurnToDirection.m; sourceTree = "<group>"; };
		8EFB2B1A1961596300A23555 /* MZActionTime.h */ = {isa = PBXFileReference; fileEncoding = 4; lastKnownFileType = sourcecode.c.h; path = MZActionTime.h; sourceTree = "<group>"; };
		8EFB2B1B1961596300A23555 /* MZActionTime.m */ = {isa = PBXFileReference; fileEncoding = 4; lastKnownFileType = sourcecode.c.objc; path = MZActionTime.m; sourceTree = "<group>"; };
		8EFB2B1C1961596300A23555 /* MZGameDefines.h */ = {isa = PBXFileReference; fileEncoding = 4; lastKnownFileType = sourcecode.c.h; path = MZGameDefines.h; sourceTree = "<group>"; };
		8EFB2B1D1961596300A23555 /* MZGameHeader.h */ = {isa = PBXFileReference; fileEncoding = 4; lastKnownFileType = sourcecode.c.h; path = MZGameHeader.h; sourceTree = "<group>"; };
		8EFB2B1F19615EEC00A23555 /* MZSpriteKit.h */ = {isa = PBXFileReference; fileEncoding = 4; lastKnownFileType = sourcecode.c.h; path = MZSpriteKit.h; sourceTree = "<group>"; };
		8EFB2B2019615EEC00A23555 /* MZSpriteKit.m */ = {isa = PBXFileReference; fileEncoding = 4; lastKnownFileType = sourcecode.c.objc; path = MZSpriteKit.m; sourceTree = "<group>"; };
		8EFB2B221961638600A23555 /* MZAction.h */ = {isa = PBXFileReference; fileEncoding = 4; lastKnownFileType = sourcecode.c.h; path = MZAction.h; sourceTree = "<group>"; };
		8EFB2B231961638600A23555 /* MZAction.m */ = {isa = PBXFileReference; fileEncoding = 4; lastKnownFileType = sourcecode.c.objc; path = MZAction.m; sourceTree = "<group>"; };
		8EFB2B25196171D200A23555 /* MZActionsGroup.h */ = {isa = PBXFileReference; fileEncoding = 4; lastKnownFileType = sourcecode.c.h; path = MZActionsGroup.h; sourceTree = "<group>"; };
		8EFB2B26196171D200A23555 /* MZActionsGroup.m */ = {isa = PBXFileReference; fileEncoding = 4; lastKnownFileType = sourcecode.c.objc; path = MZActionsGroup.m; sourceTree = "<group>"; };
/* End PBXFileReference section */

/* Begin PBXFrameworksBuildPhase section */
		8EB70A30196154CC008BC335 /* Frameworks */ = {
			isa = PBXFrameworksBuildPhase;
			buildActionMask = 2147483647;
			files = (
				8EB70A39196154CD008BC335 /* CoreGraphics.framework in Frameworks */,
				8EB70A3B196154CD008BC335 /* UIKit.framework in Frameworks */,
				8EB70A3D196154CD008BC335 /* SpriteKit.framework in Frameworks */,
				8EB70A37196154CD008BC335 /* Foundation.framework in Frameworks */,
			);
			runOnlyForDeploymentPostprocessing = 0;
		};
		8EB70A58196154CD008BC335 /* Frameworks */ = {
			isa = PBXFrameworksBuildPhase;
			buildActionMask = 2147483647;
			files = (
				8EB70A5D196154CD008BC335 /* XCTest.framework in Frameworks */,
				8EB70A5F196154CD008BC335 /* UIKit.framework in Frameworks */,
				8EB70A5E196154CD008BC335 /* Foundation.framework in Frameworks */,
			);
			runOnlyForDeploymentPostprocessing = 0;
		};
/* End PBXFrameworksBuildPhase section */

/* Begin PBXGroup section */
		8E3E4EA6196D22F500D30963 /* Resources */ = {
			isa = PBXGroup;
			children = (
				8E3E4EA7196D22F500D30963 /* enemies.atlas */,
				8E3E4EA8196D22F500D30963 /* enemy_bullets.atlas */,
				8E3E4EA9196D22F500D30963 /* player.atlas */,
				8E3E4EAA196D22F500D30963 /* player_bullets.atlas */,
				8E3E4EAB196D22F500D30963 /* ramletherl_valentine.png */,
				8E3E4EAC196D22F500D30963 /* rect_while.png */,
				8E3E4EAD196D22F500D30963 /* yuyurect.png */,
			);
			path = Resources;
			sourceTree = "<group>";
		};
		8E700DDD196A6FF600885D02 /* Attacks */ = {
			isa = PBXGroup;
			children = (
				8E85D9FB196AAB8400C40013 /* MZAttacksHeader.h */,
				8E85D9F8196AAB7200C40013 /* MZAttack.h */,
				8E85D9F9196AAB7200C40013 /* MZAttack.m */,
			);
			path = Attacks;
			sourceTree = "<group>";
		};
		8E700DDE196A6FF600885D02 /* Controls */ = {
			isa = PBXGroup;
			children = (
				8E700DDF196A6FF600885D02 /* MZTouchRelativeMove.h */,
				8E700DE0196A6FF600885D02 /* MZTouchRelativeMove.m */,
			);
			path = Controls;
			sourceTree = "<group>";
		};
		8E700DE1196A6FF600885D02 /* Moves */ = {
			isa = PBXGroup;
			children = (
				8E0DC93A196A728F00EB49A3 /* MZMovesHeader.h */,
				8E0DC93B196A731000EB49A3 /* MZMove.h */,
				8E0DC93C196A731000EB49A3 /* MZMove.m */,
				8E0DC93E196A76DE00EB49A3 /* MZMoveWithVelocityDirection.h */,
				8E0DC93F196A76DE00EB49A3 /* MZMoveWithVelocityDirection.m */,
				8EF5EA6F196A8979009B8CD6 /* MZMoveTurnToDirection.h */,
				8EF5EA70196A8979009B8CD6 /* MZMoveTurnToDirection.m */,
				8E85D9F5196AA83000C40013 /* MZMoveReachAtTime.h */,
				8E85D9F6196AA83000C40013 /* MZMoveReachAtTime.m */,
			);
			path = Moves;
			sourceTree = "<group>";
		};
		8E9C9AF5196A867800A3BCF2 /* MZUtilities */ = {
			isa = PBXGroup;
			children = (
				8E9C9AF6196A867800A3BCF2 /* MZBlockMacros.h */,
				8E9C9AF7196A867800A3BCF2 /* MZCGs.h */,
				8E9C9AF8196A867800A3BCF2 /* MZCollections.h */,
				8E9C9AF9196A867800A3BCF2 /* MZCollections.m */,
				8E9C9AFA196A867800A3BCF2 /* MZConverts.h */,
				8E9C9AFB196A867800A3BCF2 /* MZConverts.m */,
				8E9C9AFC196A867800A3BCF2 /* MZFormula.h */,
				8E9C9AFD196A867800A3BCF2 /* MZFormula.m */,
				8E9C9AFE196A867800A3BCF2 /* MZGLHelper.h */,
				8E9C9AFF196A867800A3BCF2 /* MZGLHelper.m */,
				8E9C9B00196A867800A3BCF2 /* MZiOSFiles.h */,
				8E9C9B01196A867800A3BCF2 /* MZiOSFiles.m */,
				8E9C9B02196A867800A3BCF2 /* MZLogs.h */,
				8E9C9B03196A867800A3BCF2 /* MZMapReduces.h */,
				8E9C9B04196A867800A3BCF2 /* MZMapReduces.m */,
				8E9C9B05196A867800A3BCF2 /* MZMath.h */,
				8E9C9B06196A867800A3BCF2 /* MZMath.m */,
				8E9C9B07196A867800A3BCF2 /* MZMemoryUsage.h */,
				8E9C9B08196A867800A3BCF2 /* MZMemoryUsage.m */,
				8E9C9B09196A867800A3BCF2 /* MZUtilities.h */,
				8E9C9B0A196A867800A3BCF2 /* NSRange-Conventional.h */,
			);
			name = MZUtilities;
			path = ../../../../release/MZUtilities;
			sourceTree = "<group>";
		};
		8EB70A2A196154CC008BC335 = {
			isa = PBXGroup;
			children = (
				8EB70A3E196154CD008BC335 /* MZGameActions */,
				8EB70A62196154CD008BC335 /* MZGameActionsTests */,
				8EB70A35196154CD008BC335 /* Frameworks */,
				8EB70A34196154CD008BC335 /* Products */,
			);
			sourceTree = "<group>";
		};
		8EB70A34196154CD008BC335 /* Products */ = {
			isa = PBXGroup;
			children = (
				8EB70A33196154CD008BC335 /* MZGameActions.app */,
				8EB70A5B196154CD008BC335 /* MZGameActionsTests.xctest */,
			);
			name = Products;
			sourceTree = "<group>";
		};
		8EB70A35196154CD008BC335 /* Frameworks */ = {
			isa = PBXGroup;
			children = (
				8EB70A36196154CD008BC335 /* Foundation.framework */,
				8EB70A38196154CD008BC335 /* CoreGraphics.framework */,
				8EB70A3A196154CD008BC335 /* UIKit.framework */,
				8EB70A3C196154CD008BC335 /* SpriteKit.framework */,
				8EB70A5C196154CD008BC335 /* XCTest.framework */,
			);
			name = Frameworks;
			sourceTree = "<group>";
		};
		8EB70A3E196154CD008BC335 /* MZGameActions */ = {
			isa = PBXGroup;
			children = (
				8EB70A47196154CD008BC335 /* AppDelegate.h */,
				8EB70A48196154CD008BC335 /* AppDelegate.m */,
				8EB70A4A196154CD008BC335 /* Main.storyboard */,
				8EB70A4D196154CD008BC335 /* ViewController.h */,
				8EB70A4E196154CD008BC335 /* ViewController.m */,
				8EB70A50196154CD008BC335 /* GameScene.h */,
				8EB70A51196154CD008BC335 /* GameScene.m */,
				8E3E4EA3196D21DB00D30963 /* AnotherScene.h */,
				8E3E4EA4196D21DB00D30963 /* AnotherScene.m */,
				8EB70A53196154CD008BC335 /* Spaceship.png */,
				8EFB2B181961596300A23555 /* MZActionsCore */,
				8EB70A55196154CD008BC335 /* Images.xcassets */,
				8E9C9AF5196A867800A3BCF2 /* MZUtilities */,
				8E3E4EA6196D22F500D30963 /* Resources */,
				8EB70A3F196154CD008BC335 /* Supporting Files */,
			);
			path = MZGameActions;
			sourceTree = "<group>";
		};
		8EB70A3F196154CD008BC335 /* Supporting Files */ = {
			isa = PBXGroup;
			children = (
				8EB70A40196154CD008BC335 /* MZGameActions-Info.plist */,
				8EB70A41196154CD008BC335 /* InfoPlist.strings */,
				8EB70A44196154CD008BC335 /* main.m */,
				8EB70A46196154CD008BC335 /* MZGameActions-Prefix.pch */,
			);
			name = "Supporting Files";
			sourceTree = "<group>";
		};
		8EB70A62196154CD008BC335 /* MZGameActionsTests */ = {
			isa = PBXGroup;
			children = (
				8EB70A68196154CD008BC335 /* MZGameActionsTests.m */,
				8EB70A63196154CD008BC335 /* Supporting Files */,
			);
			path = MZGameActionsTests;
			sourceTree = "<group>";
		};
		8EB70A63196154CD008BC335 /* Supporting Files */ = {
			isa = PBXGroup;
			children = (
				8EB70A64196154CD008BC335 /* MZGameActionsTests-Info.plist */,
				8EB70A65196154CD008BC335 /* InfoPlist.strings */,
			);
			name = "Supporting Files";
			sourceTree = "<group>";
		};
		8EFB2B181961596300A23555 /* MZActionsCore */ = {
			isa = PBXGroup;
			children = (
				8EFB2B1D1961596300A23555 /* MZGameHeader.h */,
				8EFB2B1C1961596300A23555 /* MZGameDefines.h */,
				8EFB2B1A1961596300A23555 /* MZActionTime.h */,
				8EFB2B1B1961596300A23555 /* MZActionTime.m */,
				8EFB2B1F19615EEC00A23555 /* MZSpriteKit.h */,
				8EFB2B2019615EEC00A23555 /* MZSpriteKit.m */,
				8EFB2B221961638600A23555 /* MZAction.h */,
				8EFB2B231961638600A23555 /* MZAction.m */,
				8EFB2B25196171D200A23555 /* MZActionsGroup.h */,
				8EFB2B26196171D200A23555 /* MZActionsGroup.m */,
				8E3E9CFD1961BB6D0007D7D0 /* MZActor.h */,
				8E3E9CFE1961BB6D0007D7D0 /* MZActor.m */,
				8E3E9D001961C2DB0007D7D0 /* MZNodes.h */,
				8E3E9D011961C2DB0007D7D0 /* MZNodes.m */,
				8E7CA27F1964122100917EEB /* MZPool.h */,
				8E7CA2801964122100917EEB /* MZPool.m */,
				8E24D88B1966A504000388AC /* MZSpritesLayer.h */,
				8E24D88C1966A504000388AC /* MZSpritesLayer.m */,
				8EFB2B191961596300A23555 /* Built-in */,
			);
			path = MZActionsCore;
			sourceTree = "<group>";
		};
		8EFB2B191961596300A23555 /* Built-in */ = {
			isa = PBXGroup;
			children = (
				8E700DDE196A6FF600885D02 /* Controls */,
				8E700DE1196A6FF600885D02 /* Moves */,
				8E700DDD196A6FF600885D02 /* Attacks */,
			);
			path = "Built-in";
			sourceTree = "<group>";
		};
/* End PBXGroup section */

/* Begin PBXNativeTarget section */
		8EB70A32196154CC008BC335 /* MZGameActions */ = {
			isa = PBXNativeTarget;
			buildConfigurationList = 8EB70A6C196154CD008BC335 /* Build configuration list for PBXNativeTarget "MZGameActions" */;
			buildPhases = (
				8EB70A2F196154CC008BC335 /* Sources */,
				8EB70A30196154CC008BC335 /* Frameworks */,
				8EB70A31196154CC008BC335 /* Resources */,
			);
			buildRules = (
			);
			dependencies = (
			);
			name = MZGameActions;
			productName = MZGameActions;
			productReference = 8EB70A33196154CD008BC335 /* MZGameActions.app */;
			productType = "com.apple.product-type.application";
		};
		8EB70A5A196154CD008BC335 /* MZGameActionsTests */ = {
			isa = PBXNativeTarget;
			buildConfigurationList = 8EB70A6F196154CD008BC335 /* Build configuration list for PBXNativeTarget "MZGameActionsTests" */;
			buildPhases = (
				8EB70A57196154CD008BC335 /* Sources */,
				8EB70A58196154CD008BC335 /* Frameworks */,
				8EB70A59196154CD008BC335 /* Resources */,
			);
			buildRules = (
			);
			dependencies = (
				8EB70A61196154CD008BC335 /* PBXTargetDependency */,
			);
			name = MZGameActionsTests;
			productName = MZGameActionsTests;
			productReference = 8EB70A5B196154CD008BC335 /* MZGameActionsTests.xctest */;
			productType = "com.apple.product-type.bundle.unit-test";
		};
/* End PBXNativeTarget section */

/* Begin PBXProject section */
		8EB70A2B196154CC008BC335 /* Project object */ = {
			isa = PBXProject;
			attributes = {
				LastUpgradeCheck = 0510;
				ORGANIZATIONNAME = "Inaba Mizuki";
				TargetAttributes = {
					8EB70A5A196154CD008BC335 = {
						TestTargetID = 8EB70A32196154CC008BC335;
					};
				};
			};
			buildConfigurationList = 8EB70A2E196154CC008BC335 /* Build configuration list for PBXProject "MZGameActions" */;
			compatibilityVersion = "Xcode 3.2";
			developmentRegion = English;
			hasScannedForEncodings = 0;
			knownRegions = (
				en,
				Base,
			);
			mainGroup = 8EB70A2A196154CC008BC335;
			productRefGroup = 8EB70A34196154CD008BC335 /* Products */;
			projectDirPath = "";
			projectRoot = "";
			targets = (
				8EB70A32196154CC008BC335 /* MZGameActions */,
				8EB70A5A196154CD008BC335 /* MZGameActionsTests */,
			);
		};
/* End PBXProject section */

/* Begin PBXResourcesBuildPhase section */
		8EB70A31196154CC008BC335 /* Resources */ = {
			isa = PBXResourcesBuildPhase;
			buildActionMask = 2147483647;
			files = (
				8E3E4EB2196D22F500D30963 /* ramletherl_valentine.png in Resources */,
				8EB70A43196154CD008BC335 /* InfoPlist.strings in Resources */,
				8E3E4EB3196D22F500D30963 /* rect_while.png in Resources */,
				8E3E4EB0196D22F500D30963 /* player.atlas in Resources */,
				8EB70A56196154CD008BC335 /* Images.xcassets in Resources */,
				8E3E4EAE196D22F500D30963 /* enemies.atlas in Resources */,
				8E3E4EB1196D22F500D30963 /* player_bullets.atlas in Resources */,
				8E3E4EB4196D22F500D30963 /* yuyurect.png in Resources */,
				8EB70A54196154CD008BC335 /* Spaceship.png in Resources */,
				8E3E4EAF196D22F500D30963 /* enemy_bullets.atlas in Resources */,
				8EB70A4C196154CD008BC335 /* Main.storyboard in Resources */,
			);
			runOnlyForDeploymentPostprocessing = 0;
		};
		8EB70A59196154CD008BC335 /* Resources */ = {
			isa = PBXResourcesBuildPhase;
			buildActionMask = 2147483647;
			files = (
				8EB70A67196154CD008BC335 /* InfoPlist.strings in Resources */,
			);
			runOnlyForDeploymentPostprocessing = 0;
		};
/* End PBXResourcesBuildPhase section */

/* Begin PBXSourcesBuildPhase section */
		8EB70A2F196154CC008BC335 /* Sources */ = {
			isa = PBXSourcesBuildPhase;
			buildActionMask = 2147483647;
			files = (
				8EFB2B241961638600A23555 /* MZAction.m in Sources */,
				8E9C9B11196A867800A3BCF2 /* MZMath.m in Sources */,
				8E9C9B0B196A867800A3BCF2 /* MZCollections.m in Sources */,
				8E9C9B12196A867800A3BCF2 /* MZMemoryUsage.m in Sources */,
				8E85D9FA196AAB7200C40013 /* MZAttack.m in Sources */,
				8E0DC93D196A731000EB49A3 /* MZMove.m in Sources */,
				8E9C9B0E196A867800A3BCF2 /* MZGLHelper.m in Sources */,
				8EB70A52196154CD008BC335 /* GameScene.m in Sources */,
				8E3E4EA5196D21DB00D30963 /* AnotherScene.m in Sources */,
				8EB70A4F196154CD008BC335 /* ViewController.m in Sources */,
				8E3E9CFF1961BB6D0007D7D0 /* MZActor.m in Sources */,
				8EB70A49196154CD008BC335 /* AppDelegate.m in Sources */,
				8E3E9D021961C2DB0007D7D0 /* MZNodes.m in Sources */,
				8E9C9B0F196A867800A3BCF2 /* MZiOSFiles.m in Sources */,
				8E9C9B0C196A867800A3BCF2 /* MZConverts.m in Sources */,
				8E7CA2811964122100917EEB /* MZPool.m in Sources */,
				8E9C9B0D196A867800A3BCF2 /* MZFormula.m in Sources */,
				8E700DE2196A6FF600885D02 /* MZTouchRelativeMove.m in Sources */,
				8E85D9F7196AA83000C40013 /* MZMoveReachAtTime.m in Sources */,
				8EFB2B1E1961596300A23555 /* MZActionTime.m in Sources */,
				8E9C9B10196A867800A3BCF2 /* MZMapReduces.m in Sources */,
				8EFB2B281961777F00A23555 /* MZActionsGroup.m in Sources */,
				8EB70A45196154CD008BC335 /* main.m in Sources */,
				8EFB2B2119615EEC00A23555 /* MZSpriteKit.m in Sources */,
				8EF5EA71196A8979009B8CD6 /* MZMoveTurnToDirection.m in Sources */,
				8E24D88D1966A504000388AC /* MZSpritesLayer.m in Sources */,
				8E0DC940196A76DE00EB49A3 /* MZMoveWithVelocityDirection.m in Sources */,
			);
			runOnlyForDeploymentPostprocessing = 0;
		};
		8EB70A57196154CD008BC335 /* Sources */ = {
			isa = PBXSourcesBuildPhase;
			buildActionMask = 2147483647;
			files = (
				8EB70A69196154CD008BC335 /* MZGameActionsTests.m in Sources */,
			);
			runOnlyForDeploymentPostprocessing = 0;
		};
/* End PBXSourcesBuildPhase section */

/* Begin PBXTargetDependency section */
		8EB70A61196154CD008BC335 /* PBXTargetDependency */ = {
			isa = PBXTargetDependency;
			target = 8EB70A32196154CC008BC335 /* MZGameActions */;
			targetProxy = 8EB70A60196154CD008BC335 /* PBXContainerItemProxy */;
		};
/* End PBXTargetDependency section */

/* Begin PBXVariantGroup section */
		8EB70A41196154CD008BC335 /* InfoPlist.strings */ = {
			isa = PBXVariantGroup;
			children = (
				8EB70A42196154CD008BC335 /* en */,
			);
			name = InfoPlist.strings;
			sourceTree = "<group>";
		};
		8EB70A4A196154CD008BC335 /* Main.storyboard */ = {
			isa = PBXVariantGroup;
			children = (
				8EB70A4B196154CD008BC335 /* Base */,
			);
			name = Main.storyboard;
			sourceTree = "<group>";
		};
		8EB70A65196154CD008BC335 /* InfoPlist.strings */ = {
			isa = PBXVariantGroup;
			children = (
				8EB70A66196154CD008BC335 /* en */,
			);
			name = InfoPlist.strings;
			sourceTree = "<group>";
		};
/* End PBXVariantGroup section */

/* Begin XCBuildConfiguration section */
		8EB70A6A196154CD008BC335 /* Debug */ = {
			isa = XCBuildConfiguration;
			buildSettings = {
				ALWAYS_SEARCH_USER_PATHS = NO;
				CLANG_CXX_LANGUAGE_STANDARD = "gnu++0x";
				CLANG_CXX_LIBRARY = "libc++";
				CLANG_ENABLE_MODULES = YES;
				CLANG_ENABLE_OBJC_ARC = YES;
				CLANG_WARN_BOOL_CONVERSION = YES;
				CLANG_WARN_CONSTANT_CONVERSION = YES;
				CLANG_WARN_DIRECT_OBJC_ISA_USAGE = YES_ERROR;
				CLANG_WARN_EMPTY_BODY = YES;
				CLANG_WARN_ENUM_CONVERSION = YES;
				CLANG_WARN_INT_CONVERSION = YES;
				CLANG_WARN_OBJC_ROOT_CLASS = YES_ERROR;
				CLANG_WARN__DUPLICATE_METHOD_MATCH = YES;
				"CODE_SIGN_IDENTITY[sdk=iphoneos*]" = "iPhone Developer";
				COPY_PHASE_STRIP = NO;
				GCC_C_LANGUAGE_STANDARD = gnu99;
				GCC_DYNAMIC_NO_PIC = NO;
				GCC_OPTIMIZATION_LEVEL = 0;
				GCC_PREPROCESSOR_DEFINITIONS = (
					"DEBUG=1",
					"$(inherited)",
				);
				GCC_SYMBOLS_PRIVATE_EXTERN = NO;
				GCC_WARN_64_TO_32_BIT_CONVERSION = YES;
				GCC_WARN_ABOUT_RETURN_TYPE = YES_ERROR;
				GCC_WARN_UNDECLARED_SELECTOR = YES;
				GCC_WARN_UNINITIALIZED_AUTOS = YES_AGGRESSIVE;
				GCC_WARN_UNUSED_FUNCTION = YES;
				GCC_WARN_UNUSED_VARIABLE = YES;
				IPHONEOS_DEPLOYMENT_TARGET = 7.1;
				ONLY_ACTIVE_ARCH = YES;
				SDKROOT = iphoneos;
			};
			name = Debug;
		};
		8EB70A6B196154CD008BC335 /* Release */ = {
			isa = XCBuildConfiguration;
			buildSettings = {
				ALWAYS_SEARCH_USER_PATHS = NO;
				CLANG_CXX_LANGUAGE_STANDARD = "gnu++0x";
				CLANG_CXX_LIBRARY = "libc++";
				CLANG_ENABLE_MODULES = YES;
				CLANG_ENABLE_OBJC_ARC = YES;
				CLANG_WARN_BOOL_CONVERSION = YES;
				CLANG_WARN_CONSTANT_CONVERSION = YES;
				CLANG_WARN_DIRECT_OBJC_ISA_USAGE = YES_ERROR;
				CLANG_WARN_EMPTY_BODY = YES;
				CLANG_WARN_ENUM_CONVERSION = YES;
				CLANG_WARN_INT_CONVERSION = YES;
				CLANG_WARN_OBJC_ROOT_CLASS = YES_ERROR;
				CLANG_WARN__DUPLICATE_METHOD_MATCH = YES;
				"CODE_SIGN_IDENTITY[sdk=iphoneos*]" = "iPhone Developer";
				COPY_PHASE_STRIP = YES;
				ENABLE_NS_ASSERTIONS = NO;
				GCC_C_LANGUAGE_STANDARD = gnu99;
				GCC_WARN_64_TO_32_BIT_CONVERSION = YES;
				GCC_WARN_ABOUT_RETURN_TYPE = YES_ERROR;
				GCC_WARN_UNDECLARED_SELECTOR = YES;
				GCC_WARN_UNINITIALIZED_AUTOS = YES_AGGRESSIVE;
				GCC_WARN_UNUSED_FUNCTION = YES;
				GCC_WARN_UNUSED_VARIABLE = YES;
				IPHONEOS_DEPLOYMENT_TARGET = 7.1;
				SDKROOT = iphoneos;
				VALIDATE_PRODUCT = YES;
			};
			name = Release;
		};
		8EB70A6D196154CD008BC335 /* Debug */ = {
			isa = XCBuildConfiguration;
			buildSettings = {
				ASSETCATALOG_COMPILER_APPICON_NAME = AppIcon;
				ASSETCATALOG_COMPILER_LAUNCHIMAGE_NAME = LaunchImage;
				GCC_PRECOMPILE_PREFIX_HEADER = YES;
				GCC_PREFIX_HEADER = "MZGameActions/MZGameActions-Prefix.pch";
				INFOPLIST_FILE = "MZGameActions/MZGameActions-Info.plist";
				PRODUCT_NAME = "$(TARGET_NAME)";
				SPRITEKIT_TEXTURE_ATLAS_OUTPUT = YES;
				WRAPPER_EXTENSION = app;
			};
			name = Debug;
		};
		8EB70A6E196154CD008BC335 /* Release */ = {
			isa = XCBuildConfiguration;
			buildSettings = {
				ASSETCATALOG_COMPILER_APPICON_NAME = AppIcon;
				ASSETCATALOG_COMPILER_LAUNCHIMAGE_NAME = LaunchImage;
				GCC_PRECOMPILE_PREFIX_HEADER = YES;
				GCC_PREFIX_HEADER = "MZGameActions/MZGameActions-Prefix.pch";
				INFOPLIST_FILE = "MZGameActions/MZGameActions-Info.plist";
				PRODUCT_NAME = "$(TARGET_NAME)";
				SPRITEKIT_TEXTURE_ATLAS_OUTPUT = YES;
				WRAPPER_EXTENSION = app;
			};
			name = Release;
		};
		8EB70A70196154CD008BC335 /* Debug */ = {
			isa = XCBuildConfiguration;
			buildSettings = {
				BUNDLE_LOADER = "$(BUILT_PRODUCTS_DIR)/MZGameActions.app/MZGameActions";
				FRAMEWORK_SEARCH_PATHS = (
					"$(SDKROOT)/Developer/Library/Frameworks",
					"$(inherited)",
					"$(DEVELOPER_FRAMEWORKS_DIR)",
				);
				GCC_PRECOMPILE_PREFIX_HEADER = YES;
				GCC_PREFIX_HEADER = "MZGameActions/MZGameActions-Prefix.pch";
				GCC_PREPROCESSOR_DEFINITIONS = (
					"DEBUG=1",
					"$(inherited)",
				);
				INFOPLIST_FILE = "MZGameActionsTests/MZGameActionsTests-Info.plist";
				PRODUCT_NAME = "$(TARGET_NAME)";
				TEST_HOST = "$(BUNDLE_LOADER)";
				WRAPPER_EXTENSION = xctest;
			};
			name = Debug;
		};
		8EB70A71196154CD008BC335 /* Release */ = {
			isa = XCBuildConfiguration;
			buildSettings = {
				BUNDLE_LOADER = "$(BUILT_PRODUCTS_DIR)/MZGameActions.app/MZGameActions";
				FRAMEWORK_SEARCH_PATHS = (
					"$(SDKROOT)/Developer/Library/Frameworks",
					"$(inherited)",
					"$(DEVELOPER_FRAMEWORKS_DIR)",
				);
				GCC_PRECOMPILE_PREFIX_HEADER = YES;
				GCC_PREFIX_HEADER = "MZGameActions/MZGameActions-Prefix.pch";
				INFOPLIST_FILE = "MZGameActionsTests/MZGameActionsTests-Info.plist";
				PRODUCT_NAME = "$(TARGET_NAME)";
				TEST_HOST = "$(BUNDLE_LOADER)";
				WRAPPER_EXTENSION = xctest;
			};
			name = Release;
		};
/* End XCBuildConfiguration section */

/* Begin XCConfigurationList section */
		8EB70A2E196154CC008BC335 /* Build configuration list for PBXProject "MZGameActions" */ = {
			isa = XCConfigurationList;
			buildConfigurations = (
				8EB70A6A196154CD008BC335 /* Debug */,
				8EB70A6B196154CD008BC335 /* Release */,
			);
			defaultConfigurationIsVisible = 0;
			defaultConfigurationName = Release;
		};
		8EB70A6C196154CD008BC335 /* Build configuration list for PBXNativeTarget "MZGameActions" */ = {
			isa = XCConfigurationList;
			buildConfigurations = (
				8EB70A6D196154CD008BC335 /* Debug */,
				8EB70A6E196154CD008BC335 /* Release */,
			);
			defaultConfigurationIsVisible = 0;
			defaultConfigurationName = Release;
		};
		8EB70A6F196154CD008BC335 /* Build configuration list for PBXNativeTarget "MZGameActionsTests" */ = {
			isa = XCConfigurationList;
			buildConfigurations = (
				8EB70A70196154CD008BC335 /* Debug */,
				8EB70A71196154CD008BC335 /* Release */,
			);
			defaultConfigurationIsVisible = 0;
			defaultConfigurationName = Release;
		};
/* End XCConfigurationList section */
	};
	rootObject = 8EB70A2B196154CC008BC335 /* Project object */;
}
